
Microsoft Visual Studio Solution File, Format Version 12.00
# Visual Studio Version 16
VisualStudioVersion = 16.0.31129.286
MinimumVisualStudioVersion = 10.0.40219.1
Project("{9A19103F-16F7-4668-BE54-9A1E7A4F7556}") = "NC-Vuezor", "NC.Vuezor\NC-Vuezor.csproj", "{5DF5A512-A382-4D6D-A6D8-B0CAF49D84BC}"
EndProject
Global
	GlobalSection(SolutionConfigurationPlatforms) = preSolution
		Debug|Any CPU = Debug|Any CPU
		Release|Any CPU = Release|Any CPU
	EndGlobalSection
	GlobalSection(ProjectConfigurationPlatforms) = postSolution
		{5DF5A512-A382-4D6D-A6D8-B0CAF49D84BC}.Debug|Any CPU.ActiveCfg = Debug|Any CPU
		{5DF5A512-A382-4D6D-A6D8-B0CAF49D84BC}.Debug|Any CPU.Build.0 = Debug|Any CPU
		{5DF5A512-A382-4D6D-A6D8-B0CAF49D84BC}.Release|Any CPU.ActiveCfg = Release|Any CPU
		{5DF5A512-A382-4D6D-A6D8-B0CAF49D84BC}.Release|Any CPU.Build.0 = Release|Any CPU
	EndGlobalSection
	GlobalSection(SolutionProperties) = preSolution
		HideSolutionNode = FALSE
	EndGlobalSection
	GlobalSection(ExtensibilityGlobals) = postSolution
		SolutionGuid = {8408382C-199B-44EA-9F0B-87CDD8CC16F9}
	EndGlobalSection
EndGlobal
